
Microsoft Visual Studio Solution File, Format Version 12.00
# Visual Studio Version 17
VisualStudioVersion = 17.0.31612.314
MinimumVisualStudioVersion = 10.0.40219.1
Project("{6EC3EE1D-3C4E-46DD-8F32-0CC8E7565705}") = "MyBlazorApp.ConsoleClient", "MyBlazorApp.ConsoleClient\MyBlazorApp.ConsoleClient.fsproj", "{FE829312-00FB-443A-A44F-9A71A7891EF2}"
EndProject
Project("{6EC3EE1D-3C4E-46DD-8F32-0CC8E7565705}") = "MyBlazorApp.Utility", "MyBlazorApp.Utility\MyBlazorApp.Utility.fsproj", "{24E7FF55-2B10-4A5B-B770-3D07E31D7597}"
EndProject
Project("{6EC3EE1D-3C4E-46DD-8F32-0CC8E7565705}") = "MyBlazorApp.BlazorClient.Backend", "MyBlazorApp.BlazorClient.Backend\MyBlazorApp.BlazorClient.Backend.fsproj", "{53241FB6-6A14-4AC5-AF56-89F4E4090DEA}"
EndProject
Project("{9A19103F-16F7-4668-BE54-9A1E7A4F7556}") = "MyBlazorApp.Utility.FSharpHelpers", "MyBlazorApp.Utility.FSharpHelpers\MyBlazorApp.Utility.FSharpHelpers.csproj", "{C74F1D0E-3ABE-47E6-8CAB-E56DC4DDF7B4}"
EndProject
Project("{2150E333-8FDC-42A3-9474-1A3956D46DE8}") = "Solution Items", "Solution Items", "{349DE1BC-196D-4F69-8B8C-785E427C04D9}"
	ProjectSection(SolutionItems) = preProject
		global.json = global.json
	EndProjectSection
EndProject
Project("{9A19103F-16F7-4668-BE54-9A1E7A4F7556}") = "MyBlazorApp.BlazorClient.WebAssembly", "MyBlazorApp.BlazorClient.WebAssembly\MyBlazorApp.BlazorClient.WebAssembly.csproj", "{AA50E0B6-EF8C-4E23-8126-D1ACB998664D}"
EndProject
Project("{9A19103F-16F7-4668-BE54-9A1E7A4F7556}") = "MyBlazorApp.WebHost", "MyBlazorApp.WebHost\MyBlazorApp.WebHost.csproj", "{A5328D5F-49E7-4AA3-99D2-813220FC1E09}"
EndProject
Project("{9A19103F-16F7-4668-BE54-9A1E7A4F7556}") = "MyBlazorApp.ComponentsAndPages", "MyBlazorApp.ComponentsAndPages\MyBlazorApp.ComponentsAndPages.csproj", "{BFFCD97E-C84A-4494-A6F3-8B6EA4883996}"
EndProject
Project("{2150E333-8FDC-42A3-9474-1A3956D46DE8}") = "Frontend", "Frontend", "{06A318D3-76DA-4B53-B2F5-6AB35914A41F}"
EndProject
Project("{2150E333-8FDC-42A3-9474-1A3956D46DE8}") = "Backend", "Backend", "{84E0C3A6-D772-49B6-8274-60F67154C724}"
EndProject
Project("{9A19103F-16F7-4668-BE54-9A1E7A4F7556}") = "MyBlazorApp.BlazorClient.WebWindow", "MyBlazorApp.BlazorClient.WebWindow\MyBlazorApp.BlazorClient.WebWindow.csproj", "{36063BEB-F539-45CD-87F6-779EED0BCC12}"
EndProject
Project("{9A19103F-16F7-4668-BE54-9A1E7A4F7556}") = "MyBlazorApp.BlazorClient.Maui", "MyBlazorApp.BlazorClient.Maui\MyBlazorApp.BlazorClient.Maui\MyBlazorApp.BlazorClient.Maui.csproj", "{C7E6253A-B847-41F9-BED0-92F9991B63E2}"
EndProject
Project("{9A19103F-16F7-4668-BE54-9A1E7A4F7556}") = "MyBlazorApp.BlazorClient.Maui.WinUI", "MyBlazorApp.BlazorClient.Maui\MyBlazorApp.BlazorClient.Maui.WinUI\MyBlazorApp.BlazorClient.Maui.WinUI.csproj", "{14405DA6-FFAB-4BD3-83D8-CD07F50FA2E5}"
EndProject
Project("{6EC3EE1D-3C4E-46DD-8F32-0CC8E7565705}") = "MyBlazorApp.Services.WeatherForecasts.Domain", "MyBlazorApp.Services.WeatherForecasts.Domain\MyBlazorApp.Services.WeatherForecasts.Domain.fsproj", "{25BF0CB8-CF0F-4830-BA79-FD6F3DE5A559}"
EndProject
Project("{2150E333-8FDC-42A3-9474-1A3956D46DE8}") = "Services.WeatherForecasts", "Services.WeatherForecasts", "{EA61D513-EA04-426E-87D5-E32922A539AD}"
EndProject
Project("{6EC3EE1D-3C4E-46DD-8F32-0CC8E7565705}") = "MyBlazorApp.Services.WeatherForecasts.Contracts", "MyBlazorApp.Services.WeatherForecasts.Contracts\MyBlazorApp.Services.WeatherForecasts.Contracts.fsproj", "{652E4621-9CFD-4A7C-84B9-07CA20EFDD08}"
EndProject
Project("{6EC3EE1D-3C4E-46DD-8F32-0CC8E7565705}") = "MyBlazorApp.Services.WeatherForecasts.Hosting", "MyBlazorApp.Services.WeatherForecasts.Hosting\MyBlazorApp.Services.WeatherForecasts.Hosting.fsproj", "{2EFA8929-D55F-430F-B290-83D9AC92AC95}"
EndProject
Project("{6EC3EE1D-3C4E-46DD-8F32-0CC8E7565705}") = "MyBlazorApp.Services.WeatherForecasts.Clients", "MyBlazorApp.Services.WeatherForecasts.Clients\MyBlazorApp.Services.WeatherForecasts.Clients.fsproj", "{F1275F96-C31A-4999-B362-3A9F20D33AE5}"
EndProject
Project("{2150E333-8FDC-42A3-9474-1A3956D46DE8}") = "Services.DiscriminatedUnions", "Services.DiscriminatedUnions", "{4389C217-D03E-44D1-BF5B-67B4DAC6C410}"
EndProject
Project("{6EC3EE1D-3C4E-46DD-8F32-0CC8E7565705}") = "MyBlazorApp.Services.DiscriminatedUnions.Clients", "MyBlazorApp.Services.DiscriminatedUnions.Clients\MyBlazorApp.Services.DiscriminatedUnions.Clients.fsproj", "{7837FDE9-960A-441A-BD19-C6E3462B2775}"
EndProject
Project("{6EC3EE1D-3C4E-46DD-8F32-0CC8E7565705}") = "MyBlazorApp.Services.DiscriminatedUnions.Contracts", "MyBlazorApp.Services.DiscriminatedUnions.Contracts\MyBlazorApp.Services.DiscriminatedUnions.Contracts.fsproj", "{C644C94E-5FBB-4A20-AE42-1C389610FD4F}"
EndProject
Project("{6EC3EE1D-3C4E-46DD-8F32-0CC8E7565705}") = "MyBlazorApp.Services.DiscriminatedUnions.Domain", "MyBlazorApp.Services.DiscriminatedUnions.Domain\MyBlazorApp.Services.DiscriminatedUnions.Domain.fsproj", "{5FB9853E-4930-4301-9845-06054F6D10E3}"
EndProject
Project("{6EC3EE1D-3C4E-46DD-8F32-0CC8E7565705}") = "MyBlazorApp.Services.DiscriminatedUnions.Hosting", "MyBlazorApp.Services.DiscriminatedUnions.Hosting\MyBlazorApp.Services.DiscriminatedUnions.Hosting.fsproj", "{D982DD44-3E29-4467-8F70-C9BF269833C7}"
EndProject
Global
	GlobalSection(SolutionConfigurationPlatforms) = preSolution
		Debug|Any CPU = Debug|Any CPU
		Debug|arm64 = Debug|arm64
		Debug|x64 = Debug|x64
		Debug|x86 = Debug|x86
		Release|Any CPU = Release|Any CPU
		Release|arm64 = Release|arm64
		Release|x64 = Release|x64
		Release|x86 = Release|x86
	EndGlobalSection
	GlobalSection(ProjectConfigurationPlatforms) = postSolution
		{FE829312-00FB-443A-A44F-9A71A7891EF2}.Debug|Any CPU.ActiveCfg = Debug|Any CPU
		{FE829312-00FB-443A-A44F-9A71A7891EF2}.Debug|Any CPU.Build.0 = Debug|Any CPU
		{FE829312-00FB-443A-A44F-9A71A7891EF2}.Debug|arm64.ActiveCfg = Debug|Any CPU
		{FE829312-00FB-443A-A44F-9A71A7891EF2}.Debug|arm64.Build.0 = Debug|Any CPU
		{FE829312-00FB-443A-A44F-9A71A7891EF2}.Debug|x64.ActiveCfg = Debug|Any CPU
		{FE829312-00FB-443A-A44F-9A71A7891EF2}.Debug|x64.Build.0 = Debug|Any CPU
		{FE829312-00FB-443A-A44F-9A71A7891EF2}.Debug|x86.ActiveCfg = Debug|Any CPU
		{FE829312-00FB-443A-A44F-9A71A7891EF2}.Debug|x86.Build.0 = Debug|Any CPU
		{FE829312-00FB-443A-A44F-9A71A7891EF2}.Release|Any CPU.ActiveCfg = Release|Any CPU
		{FE829312-00FB-443A-A44F-9A71A7891EF2}.Release|Any CPU.Build.0 = Release|Any CPU
		{FE829312-00FB-443A-A44F-9A71A7891EF2}.Release|arm64.ActiveCfg = Release|Any CPU
		{FE829312-00FB-443A-A44F-9A71A7891EF2}.Release|arm64.Build.0 = Release|Any CPU
		{FE829312-00FB-443A-A44F-9A71A7891EF2}.Release|x64.ActiveCfg = Release|Any CPU
		{FE829312-00FB-443A-A44F-9A71A7891EF2}.Release|x64.Build.0 = Release|Any CPU
		{FE829312-00FB-443A-A44F-9A71A7891EF2}.Release|x86.ActiveCfg = Release|Any CPU
		{FE829312-00FB-443A-A44F-9A71A7891EF2}.Release|x86.Build.0 = Release|Any CPU
		{24E7FF55-2B10-4A5B-B770-3D07E31D7597}.Debug|Any CPU.ActiveCfg = Debug|Any CPU
		{24E7FF55-2B10-4A5B-B770-3D07E31D7597}.Debug|Any CPU.Build.0 = Debug|Any CPU
		{24E7FF55-2B10-4A5B-B770-3D07E31D7597}.Debug|arm64.ActiveCfg = Debug|Any CPU
		{24E7FF55-2B10-4A5B-B770-3D07E31D7597}.Debug|arm64.Build.0 = Debug|Any CPU
		{24E7FF55-2B10-4A5B-B770-3D07E31D7597}.Debug|x64.ActiveCfg = Debug|Any CPU
		{24E7FF55-2B10-4A5B-B770-3D07E31D7597}.Debug|x64.Build.0 = Debug|Any CPU
		{24E7FF55-2B10-4A5B-B770-3D07E31D7597}.Debug|x86.ActiveCfg = Debug|Any CPU
		{24E7FF55-2B10-4A5B-B770-3D07E31D7597}.Debug|x86.Build.0 = Debug|Any CPU
		{24E7FF55-2B10-4A5B-B770-3D07E31D7597}.Release|Any CPU.ActiveCfg = Release|Any CPU
		{24E7FF55-2B10-4A5B-B770-3D07E31D7597}.Release|Any CPU.Build.0 = Release|Any CPU
		{24E7FF55-2B10-4A5B-B770-3D07E31D7597}.Release|arm64.ActiveCfg = Release|Any CPU
		{24E7FF55-2B10-4A5B-B770-3D07E31D7597}.Release|arm64.Build.0 = Release|Any CPU
		{24E7FF55-2B10-4A5B-B770-3D07E31D7597}.Release|x64.ActiveCfg = Release|Any CPU
		{24E7FF55-2B10-4A5B-B770-3D07E31D7597}.Release|x64.Build.0 = Release|Any CPU
		{24E7FF55-2B10-4A5B-B770-3D07E31D7597}.Release|x86.ActiveCfg = Release|Any CPU
		{24E7FF55-2B10-4A5B-B770-3D07E31D7597}.Release|x86.Build.0 = Release|Any CPU
		{53241FB6-6A14-4AC5-AF56-89F4E4090DEA}.Debug|Any CPU.ActiveCfg = Debug|Any CPU
		{53241FB6-6A14-4AC5-AF56-89F4E4090DEA}.Debug|Any CPU.Build.0 = Debug|Any CPU
		{53241FB6-6A14-4AC5-AF56-89F4E4090DEA}.Debug|arm64.ActiveCfg = Debug|Any CPU
		{53241FB6-6A14-4AC5-AF56-89F4E4090DEA}.Debug|arm64.Build.0 = Debug|Any CPU
		{53241FB6-6A14-4AC5-AF56-89F4E4090DEA}.Debug|x64.ActiveCfg = Debug|Any CPU
		{53241FB6-6A14-4AC5-AF56-89F4E4090DEA}.Debug|x64.Build.0 = Debug|Any CPU
		{53241FB6-6A14-4AC5-AF56-89F4E4090DEA}.Debug|x86.ActiveCfg = Debug|Any CPU
		{53241FB6-6A14-4AC5-AF56-89F4E4090DEA}.Debug|x86.Build.0 = Debug|Any CPU
		{53241FB6-6A14-4AC5-AF56-89F4E4090DEA}.Release|Any CPU.ActiveCfg = Release|Any CPU
		{53241FB6-6A14-4AC5-AF56-89F4E4090DEA}.Release|Any CPU.Build.0 = Release|Any CPU
		{53241FB6-6A14-4AC5-AF56-89F4E4090DEA}.Release|arm64.ActiveCfg = Release|Any CPU
		{53241FB6-6A14-4AC5-AF56-89F4E4090DEA}.Release|arm64.Build.0 = Release|Any CPU
		{53241FB6-6A14-4AC5-AF56-89F4E4090DEA}.Release|x64.ActiveCfg = Release|Any CPU
		{53241FB6-6A14-4AC5-AF56-89F4E4090DEA}.Release|x64.Build.0 = Release|Any CPU
		{53241FB6-6A14-4AC5-AF56-89F4E4090DEA}.Release|x86.ActiveCfg = Release|Any CPU
		{53241FB6-6A14-4AC5-AF56-89F4E4090DEA}.Release|x86.Build.0 = Release|Any CPU
		{C74F1D0E-3ABE-47E6-8CAB-E56DC4DDF7B4}.Debug|Any CPU.ActiveCfg = Debug|Any CPU
		{C74F1D0E-3ABE-47E6-8CAB-E56DC4DDF7B4}.Debug|Any CPU.Build.0 = Debug|Any CPU
		{C74F1D0E-3ABE-47E6-8CAB-E56DC4DDF7B4}.Debug|arm64.ActiveCfg = Debug|Any CPU
		{C74F1D0E-3ABE-47E6-8CAB-E56DC4DDF7B4}.Debug|arm64.Build.0 = Debug|Any CPU
		{C74F1D0E-3ABE-47E6-8CAB-E56DC4DDF7B4}.Debug|x64.ActiveCfg = Debug|Any CPU
		{C74F1D0E-3ABE-47E6-8CAB-E56DC4DDF7B4}.Debug|x64.Build.0 = Debug|Any CPU
		{C74F1D0E-3ABE-47E6-8CAB-E56DC4DDF7B4}.Debug|x86.ActiveCfg = Debug|Any CPU
		{C74F1D0E-3ABE-47E6-8CAB-E56DC4DDF7B4}.Debug|x86.Build.0 = Debug|Any CPU
		{C74F1D0E-3ABE-47E6-8CAB-E56DC4DDF7B4}.Release|Any CPU.ActiveCfg = Release|Any CPU
		{C74F1D0E-3ABE-47E6-8CAB-E56DC4DDF7B4}.Release|Any CPU.Build.0 = Release|Any CPU
		{C74F1D0E-3ABE-47E6-8CAB-E56DC4DDF7B4}.Release|arm64.ActiveCfg = Release|Any CPU
		{C74F1D0E-3ABE-47E6-8CAB-E56DC4DDF7B4}.Release|arm64.Build.0 = Release|Any CPU
		{C74F1D0E-3ABE-47E6-8CAB-E56DC4DDF7B4}.Release|x64.ActiveCfg = Release|Any CPU
		{C74F1D0E-3ABE-47E6-8CAB-E56DC4DDF7B4}.Release|x64.Build.0 = Release|Any CPU
		{C74F1D0E-3ABE-47E6-8CAB-E56DC4DDF7B4}.Release|x86.ActiveCfg = Release|Any CPU
		{C74F1D0E-3ABE-47E6-8CAB-E56DC4DDF7B4}.Release|x86.Build.0 = Release|Any CPU
		{AA50E0B6-EF8C-4E23-8126-D1ACB998664D}.Debug|Any CPU.ActiveCfg = Debug|Any CPU
		{AA50E0B6-EF8C-4E23-8126-D1ACB998664D}.Debug|Any CPU.Build.0 = Debug|Any CPU
		{AA50E0B6-EF8C-4E23-8126-D1ACB998664D}.Debug|arm64.ActiveCfg = Debug|Any CPU
		{AA50E0B6-EF8C-4E23-8126-D1ACB998664D}.Debug|arm64.Build.0 = Debug|Any CPU
		{AA50E0B6-EF8C-4E23-8126-D1ACB998664D}.Debug|x64.ActiveCfg = Debug|Any CPU
		{AA50E0B6-EF8C-4E23-8126-D1ACB998664D}.Debug|x64.Build.0 = Debug|Any CPU
		{AA50E0B6-EF8C-4E23-8126-D1ACB998664D}.Debug|x86.ActiveCfg = Debug|Any CPU
		{AA50E0B6-EF8C-4E23-8126-D1ACB998664D}.Debug|x86.Build.0 = Debug|Any CPU
		{AA50E0B6-EF8C-4E23-8126-D1ACB998664D}.Release|Any CPU.ActiveCfg = Release|Any CPU
		{AA50E0B6-EF8C-4E23-8126-D1ACB998664D}.Release|Any CPU.Build.0 = Release|Any CPU
		{AA50E0B6-EF8C-4E23-8126-D1ACB998664D}.Release|arm64.ActiveCfg = Release|Any CPU
		{AA50E0B6-EF8C-4E23-8126-D1ACB998664D}.Release|arm64.Build.0 = Release|Any CPU
		{AA50E0B6-EF8C-4E23-8126-D1ACB998664D}.Release|x64.ActiveCfg = Release|Any CPU
		{AA50E0B6-EF8C-4E23-8126-D1ACB998664D}.Release|x64.Build.0 = Release|Any CPU
		{AA50E0B6-EF8C-4E23-8126-D1ACB998664D}.Release|x86.ActiveCfg = Release|Any CPU
		{AA50E0B6-EF8C-4E23-8126-D1ACB998664D}.Release|x86.Build.0 = Release|Any CPU
		{A5328D5F-49E7-4AA3-99D2-813220FC1E09}.Debug|Any CPU.ActiveCfg = Debug|Any CPU
		{A5328D5F-49E7-4AA3-99D2-813220FC1E09}.Debug|Any CPU.Build.0 = Debug|Any CPU
		{A5328D5F-49E7-4AA3-99D2-813220FC1E09}.Debug|arm64.ActiveCfg = Debug|Any CPU
		{A5328D5F-49E7-4AA3-99D2-813220FC1E09}.Debug|arm64.Build.0 = Debug|Any CPU
		{A5328D5F-49E7-4AA3-99D2-813220FC1E09}.Debug|x64.ActiveCfg = Debug|Any CPU
		{A5328D5F-49E7-4AA3-99D2-813220FC1E09}.Debug|x64.Build.0 = Debug|Any CPU
		{A5328D5F-49E7-4AA3-99D2-813220FC1E09}.Debug|x86.ActiveCfg = Debug|Any CPU
		{A5328D5F-49E7-4AA3-99D2-813220FC1E09}.Debug|x86.Build.0 = Debug|Any CPU
		{A5328D5F-49E7-4AA3-99D2-813220FC1E09}.Release|Any CPU.ActiveCfg = Release|Any CPU
		{A5328D5F-49E7-4AA3-99D2-813220FC1E09}.Release|Any CPU.Build.0 = Release|Any CPU
		{A5328D5F-49E7-4AA3-99D2-813220FC1E09}.Release|arm64.ActiveCfg = Release|Any CPU
		{A5328D5F-49E7-4AA3-99D2-813220FC1E09}.Release|arm64.Build.0 = Release|Any CPU
		{A5328D5F-49E7-4AA3-99D2-813220FC1E09}.Release|x64.ActiveCfg = Release|Any CPU
		{A5328D5F-49E7-4AA3-99D2-813220FC1E09}.Release|x64.Build.0 = Release|Any CPU
		{A5328D5F-49E7-4AA3-99D2-813220FC1E09}.Release|x86.ActiveCfg = Release|Any CPU
		{A5328D5F-49E7-4AA3-99D2-813220FC1E09}.Release|x86.Build.0 = Release|Any CPU
		{BFFCD97E-C84A-4494-A6F3-8B6EA4883996}.Debug|Any CPU.ActiveCfg = Debug|Any CPU
		{BFFCD97E-C84A-4494-A6F3-8B6EA4883996}.Debug|Any CPU.Build.0 = Debug|Any CPU
		{BFFCD97E-C84A-4494-A6F3-8B6EA4883996}.Debug|arm64.ActiveCfg = Debug|Any CPU
		{BFFCD97E-C84A-4494-A6F3-8B6EA4883996}.Debug|arm64.Build.0 = Debug|Any CPU
		{BFFCD97E-C84A-4494-A6F3-8B6EA4883996}.Debug|x64.ActiveCfg = Debug|Any CPU
		{BFFCD97E-C84A-4494-A6F3-8B6EA4883996}.Debug|x64.Build.0 = Debug|Any CPU
		{BFFCD97E-C84A-4494-A6F3-8B6EA4883996}.Debug|x86.ActiveCfg = Debug|Any CPU
		{BFFCD97E-C84A-4494-A6F3-8B6EA4883996}.Debug|x86.Build.0 = Debug|Any CPU
		{BFFCD97E-C84A-4494-A6F3-8B6EA4883996}.Release|Any CPU.ActiveCfg = Release|Any CPU
		{BFFCD97E-C84A-4494-A6F3-8B6EA4883996}.Release|Any CPU.Build.0 = Release|Any CPU
		{BFFCD97E-C84A-4494-A6F3-8B6EA4883996}.Release|arm64.ActiveCfg = Release|Any CPU
		{BFFCD97E-C84A-4494-A6F3-8B6EA4883996}.Release|arm64.Build.0 = Release|Any CPU
		{BFFCD97E-C84A-4494-A6F3-8B6EA4883996}.Release|x64.ActiveCfg = Release|Any CPU
		{BFFCD97E-C84A-4494-A6F3-8B6EA4883996}.Release|x64.Build.0 = Release|Any CPU
		{BFFCD97E-C84A-4494-A6F3-8B6EA4883996}.Release|x86.ActiveCfg = Release|Any CPU
		{BFFCD97E-C84A-4494-A6F3-8B6EA4883996}.Release|x86.Build.0 = Release|Any CPU
		{36063BEB-F539-45CD-87F6-779EED0BCC12}.Debug|Any CPU.ActiveCfg = Debug|Any CPU
		{36063BEB-F539-45CD-87F6-779EED0BCC12}.Debug|Any CPU.Build.0 = Debug|Any CPU
		{36063BEB-F539-45CD-87F6-779EED0BCC12}.Debug|arm64.ActiveCfg = Debug|Any CPU
		{36063BEB-F539-45CD-87F6-779EED0BCC12}.Debug|arm64.Build.0 = Debug|Any CPU
		{36063BEB-F539-45CD-87F6-779EED0BCC12}.Debug|x64.ActiveCfg = Debug|Any CPU
		{36063BEB-F539-45CD-87F6-779EED0BCC12}.Debug|x64.Build.0 = Debug|Any CPU
		{36063BEB-F539-45CD-87F6-779EED0BCC12}.Debug|x86.ActiveCfg = Debug|Any CPU
		{36063BEB-F539-45CD-87F6-779EED0BCC12}.Debug|x86.Build.0 = Debug|Any CPU
		{36063BEB-F539-45CD-87F6-779EED0BCC12}.Release|Any CPU.ActiveCfg = Release|Any CPU
		{36063BEB-F539-45CD-87F6-779EED0BCC12}.Release|Any CPU.Build.0 = Release|Any CPU
		{36063BEB-F539-45CD-87F6-779EED0BCC12}.Release|arm64.ActiveCfg = Release|Any CPU
		{36063BEB-F539-45CD-87F6-779EED0BCC12}.Release|arm64.Build.0 = Release|Any CPU
		{36063BEB-F539-45CD-87F6-779EED0BCC12}.Release|x64.ActiveCfg = Release|Any CPU
		{36063BEB-F539-45CD-87F6-779EED0BCC12}.Release|x64.Build.0 = Release|Any CPU
		{36063BEB-F539-45CD-87F6-779EED0BCC12}.Release|x86.ActiveCfg = Release|Any CPU
		{36063BEB-F539-45CD-87F6-779EED0BCC12}.Release|x86.Build.0 = Release|Any CPU
		{C7E6253A-B847-41F9-BED0-92F9991B63E2}.Debug|Any CPU.ActiveCfg = Debug|Any CPU
		{C7E6253A-B847-41F9-BED0-92F9991B63E2}.Debug|Any CPU.Build.0 = Debug|Any CPU
		{C7E6253A-B847-41F9-BED0-92F9991B63E2}.Debug|arm64.ActiveCfg = Debug|Any CPU
		{C7E6253A-B847-41F9-BED0-92F9991B63E2}.Debug|arm64.Build.0 = Debug|Any CPU
		{C7E6253A-B847-41F9-BED0-92F9991B63E2}.Debug|x64.ActiveCfg = Debug|Any CPU
		{C7E6253A-B847-41F9-BED0-92F9991B63E2}.Debug|x64.Build.0 = Debug|Any CPU
		{C7E6253A-B847-41F9-BED0-92F9991B63E2}.Debug|x86.ActiveCfg = Debug|Any CPU
		{C7E6253A-B847-41F9-BED0-92F9991B63E2}.Debug|x86.Build.0 = Debug|Any CPU
		{C7E6253A-B847-41F9-BED0-92F9991B63E2}.Release|Any CPU.ActiveCfg = Release|Any CPU
		{C7E6253A-B847-41F9-BED0-92F9991B63E2}.Release|Any CPU.Build.0 = Release|Any CPU
		{C7E6253A-B847-41F9-BED0-92F9991B63E2}.Release|arm64.ActiveCfg = Release|Any CPU
		{C7E6253A-B847-41F9-BED0-92F9991B63E2}.Release|arm64.Build.0 = Release|Any CPU
		{C7E6253A-B847-41F9-BED0-92F9991B63E2}.Release|x64.ActiveCfg = Release|Any CPU
		{C7E6253A-B847-41F9-BED0-92F9991B63E2}.Release|x64.Build.0 = Release|Any CPU
		{C7E6253A-B847-41F9-BED0-92F9991B63E2}.Release|x86.ActiveCfg = Release|Any CPU
		{C7E6253A-B847-41F9-BED0-92F9991B63E2}.Release|x86.Build.0 = Release|Any CPU
		{14405DA6-FFAB-4BD3-83D8-CD07F50FA2E5}.Debug|Any CPU.ActiveCfg = Debug|Any CPU
		{14405DA6-FFAB-4BD3-83D8-CD07F50FA2E5}.Debug|Any CPU.Build.0 = Debug|Any CPU
		{14405DA6-FFAB-4BD3-83D8-CD07F50FA2E5}.Debug|arm64.ActiveCfg = Debug|Any CPU
		{14405DA6-FFAB-4BD3-83D8-CD07F50FA2E5}.Debug|arm64.Build.0 = Debug|Any CPU
		{14405DA6-FFAB-4BD3-83D8-CD07F50FA2E5}.Debug|arm64.Deploy.0 = Debug|Any CPU
		{14405DA6-FFAB-4BD3-83D8-CD07F50FA2E5}.Debug|x64.ActiveCfg = Debug|Any CPU
		{14405DA6-FFAB-4BD3-83D8-CD07F50FA2E5}.Debug|x64.Build.0 = Debug|Any CPU
		{14405DA6-FFAB-4BD3-83D8-CD07F50FA2E5}.Debug|x64.Deploy.0 = Debug|Any CPU
		{14405DA6-FFAB-4BD3-83D8-CD07F50FA2E5}.Debug|x86.ActiveCfg = Debug|Any CPU
		{14405DA6-FFAB-4BD3-83D8-CD07F50FA2E5}.Debug|x86.Build.0 = Debug|Any CPU
		{14405DA6-FFAB-4BD3-83D8-CD07F50FA2E5}.Debug|x86.Deploy.0 = Debug|Any CPU
		{14405DA6-FFAB-4BD3-83D8-CD07F50FA2E5}.Release|Any CPU.ActiveCfg = Release|Any CPU
		{14405DA6-FFAB-4BD3-83D8-CD07F50FA2E5}.Release|Any CPU.Build.0 = Release|Any CPU
		{14405DA6-FFAB-4BD3-83D8-CD07F50FA2E5}.Release|Any CPU.Deploy.0 = Release|Any CPU
		{14405DA6-FFAB-4BD3-83D8-CD07F50FA2E5}.Release|arm64.ActiveCfg = Release|Any CPU
		{14405DA6-FFAB-4BD3-83D8-CD07F50FA2E5}.Release|arm64.Build.0 = Release|Any CPU
		{14405DA6-FFAB-4BD3-83D8-CD07F50FA2E5}.Release|arm64.Deploy.0 = Release|Any CPU
		{14405DA6-FFAB-4BD3-83D8-CD07F50FA2E5}.Release|x64.ActiveCfg = Release|Any CPU
		{14405DA6-FFAB-4BD3-83D8-CD07F50FA2E5}.Release|x64.Build.0 = Release|Any CPU
		{14405DA6-FFAB-4BD3-83D8-CD07F50FA2E5}.Release|x64.Deploy.0 = Release|Any CPU
		{14405DA6-FFAB-4BD3-83D8-CD07F50FA2E5}.Release|x86.ActiveCfg = Release|Any CPU
		{14405DA6-FFAB-4BD3-83D8-CD07F50FA2E5}.Release|x86.Build.0 = Release|Any CPU
		{14405DA6-FFAB-4BD3-83D8-CD07F50FA2E5}.Release|x86.Deploy.0 = Release|Any CPU
		{25BF0CB8-CF0F-4830-BA79-FD6F3DE5A559}.Debug|Any CPU.ActiveCfg = Debug|Any CPU
		{25BF0CB8-CF0F-4830-BA79-FD6F3DE5A559}.Debug|Any CPU.Build.0 = Debug|Any CPU
		{25BF0CB8-CF0F-4830-BA79-FD6F3DE5A559}.Debug|arm64.ActiveCfg = Debug|Any CPU
		{25BF0CB8-CF0F-4830-BA79-FD6F3DE5A559}.Debug|arm64.Build.0 = Debug|Any CPU
		{25BF0CB8-CF0F-4830-BA79-FD6F3DE5A559}.Debug|x64.ActiveCfg = Debug|Any CPU
		{25BF0CB8-CF0F-4830-BA79-FD6F3DE5A559}.Debug|x64.Build.0 = Debug|Any CPU
		{25BF0CB8-CF0F-4830-BA79-FD6F3DE5A559}.Debug|x86.ActiveCfg = Debug|Any CPU
		{25BF0CB8-CF0F-4830-BA79-FD6F3DE5A559}.Debug|x86.Build.0 = Debug|Any CPU
		{25BF0CB8-CF0F-4830-BA79-FD6F3DE5A559}.Release|Any CPU.ActiveCfg = Release|Any CPU
		{25BF0CB8-CF0F-4830-BA79-FD6F3DE5A559}.Release|Any CPU.Build.0 = Release|Any CPU
		{25BF0CB8-CF0F-4830-BA79-FD6F3DE5A559}.Release|arm64.ActiveCfg = Release|Any CPU
		{25BF0CB8-CF0F-4830-BA79-FD6F3DE5A559}.Release|arm64.Build.0 = Release|Any CPU
		{25BF0CB8-CF0F-4830-BA79-FD6F3DE5A559}.Release|x64.ActiveCfg = Release|Any CPU
		{25BF0CB8-CF0F-4830-BA79-FD6F3DE5A559}.Release|x64.Build.0 = Release|Any CPU
		{25BF0CB8-CF0F-4830-BA79-FD6F3DE5A559}.Release|x86.ActiveCfg = Release|Any CPU
		{25BF0CB8-CF0F-4830-BA79-FD6F3DE5A559}.Release|x86.Build.0 = Release|Any CPU
		{652E4621-9CFD-4A7C-84B9-07CA20EFDD08}.Debug|Any CPU.ActiveCfg = Debug|Any CPU
		{652E4621-9CFD-4A7C-84B9-07CA20EFDD08}.Debug|Any CPU.Build.0 = Debug|Any CPU
		{652E4621-9CFD-4A7C-84B9-07CA20EFDD08}.Debug|arm64.ActiveCfg = Debug|Any CPU
		{652E4621-9CFD-4A7C-84B9-07CA20EFDD08}.Debug|arm64.Build.0 = Debug|Any CPU
		{652E4621-9CFD-4A7C-84B9-07CA20EFDD08}.Debug|x64.ActiveCfg = Debug|Any CPU
		{652E4621-9CFD-4A7C-84B9-07CA20EFDD08}.Debug|x64.Build.0 = Debug|Any CPU
		{652E4621-9CFD-4A7C-84B9-07CA20EFDD08}.Debug|x86.ActiveCfg = Debug|Any CPU
		{652E4621-9CFD-4A7C-84B9-07CA20EFDD08}.Debug|x86.Build.0 = Debug|Any CPU
		{652E4621-9CFD-4A7C-84B9-07CA20EFDD08}.Release|Any CPU.ActiveCfg = Release|Any CPU
		{652E4621-9CFD-4A7C-84B9-07CA20EFDD08}.Release|Any CPU.Build.0 = Release|Any CPU
		{652E4621-9CFD-4A7C-84B9-07CA20EFDD08}.Release|arm64.ActiveCfg = Release|Any CPU
		{652E4621-9CFD-4A7C-84B9-07CA20EFDD08}.Release|arm64.Build.0 = Release|Any CPU
		{652E4621-9CFD-4A7C-84B9-07CA20EFDD08}.Release|x64.ActiveCfg = Release|Any CPU
		{652E4621-9CFD-4A7C-84B9-07CA20EFDD08}.Release|x64.Build.0 = Release|Any CPU
		{652E4621-9CFD-4A7C-84B9-07CA20EFDD08}.Release|x86.ActiveCfg = Release|Any CPU
		{652E4621-9CFD-4A7C-84B9-07CA20EFDD08}.Release|x86.Build.0 = Release|Any CPU
		{2EFA8929-D55F-430F-B290-83D9AC92AC95}.Debug|Any CPU.ActiveCfg = Debug|Any CPU
		{2EFA8929-D55F-430F-B290-83D9AC92AC95}.Debug|Any CPU.Build.0 = Debug|Any CPU
		{2EFA8929-D55F-430F-B290-83D9AC92AC95}.Debug|arm64.ActiveCfg = Debug|Any CPU
		{2EFA8929-D55F-430F-B290-83D9AC92AC95}.Debug|arm64.Build.0 = Debug|Any CPU
		{2EFA8929-D55F-430F-B290-83D9AC92AC95}.Debug|x64.ActiveCfg = Debug|Any CPU
		{2EFA8929-D55F-430F-B290-83D9AC92AC95}.Debug|x64.Build.0 = Debug|Any CPU
		{2EFA8929-D55F-430F-B290-83D9AC92AC95}.Debug|x86.ActiveCfg = Debug|Any CPU
		{2EFA8929-D55F-430F-B290-83D9AC92AC95}.Debug|x86.Build.0 = Debug|Any CPU
		{2EFA8929-D55F-430F-B290-83D9AC92AC95}.Release|Any CPU.ActiveCfg = Release|Any CPU
		{2EFA8929-D55F-430F-B290-83D9AC92AC95}.Release|Any CPU.Build.0 = Release|Any CPU
		{2EFA8929-D55F-430F-B290-83D9AC92AC95}.Release|arm64.ActiveCfg = Release|Any CPU
		{2EFA8929-D55F-430F-B290-83D9AC92AC95}.Release|arm64.Build.0 = Release|Any CPU
		{2EFA8929-D55F-430F-B290-83D9AC92AC95}.Release|x64.ActiveCfg = Release|Any CPU
		{2EFA8929-D55F-430F-B290-83D9AC92AC95}.Release|x64.Build.0 = Release|Any CPU
		{2EFA8929-D55F-430F-B290-83D9AC92AC95}.Release|x86.ActiveCfg = Release|Any CPU
		{2EFA8929-D55F-430F-B290-83D9AC92AC95}.Release|x86.Build.0 = Release|Any CPU
		{F1275F96-C31A-4999-B362-3A9F20D33AE5}.Debug|Any CPU.ActiveCfg = Debug|Any CPU
		{F1275F96-C31A-4999-B362-3A9F20D33AE5}.Debug|Any CPU.Build.0 = Debug|Any CPU
		{F1275F96-C31A-4999-B362-3A9F20D33AE5}.Debug|arm64.ActiveCfg = Debug|Any CPU
		{F1275F96-C31A-4999-B362-3A9F20D33AE5}.Debug|arm64.Build.0 = Debug|Any CPU
		{F1275F96-C31A-4999-B362-3A9F20D33AE5}.Debug|x64.ActiveCfg = Debug|Any CPU
		{F1275F96-C31A-4999-B362-3A9F20D33AE5}.Debug|x64.Build.0 = Debug|Any CPU
		{F1275F96-C31A-4999-B362-3A9F20D33AE5}.Debug|x86.ActiveCfg = Debug|Any CPU
		{F1275F96-C31A-4999-B362-3A9F20D33AE5}.Debug|x86.Build.0 = Debug|Any CPU
		{F1275F96-C31A-4999-B362-3A9F20D33AE5}.Release|Any CPU.ActiveCfg = Release|Any CPU
		{F1275F96-C31A-4999-B362-3A9F20D33AE5}.Release|Any CPU.Build.0 = Release|Any CPU
		{F1275F96-C31A-4999-B362-3A9F20D33AE5}.Release|arm64.ActiveCfg = Release|Any CPU
		{F1275F96-C31A-4999-B362-3A9F20D33AE5}.Release|arm64.Build.0 = Release|Any CPU
		{F1275F96-C31A-4999-B362-3A9F20D33AE5}.Release|x64.ActiveCfg = Release|Any CPU
		{F1275F96-C31A-4999-B362-3A9F20D33AE5}.Release|x64.Build.0 = Release|Any CPU
		{F1275F96-C31A-4999-B362-3A9F20D33AE5}.Release|x86.ActiveCfg = Release|Any CPU
		{F1275F96-C31A-4999-B362-3A9F20D33AE5}.Release|x86.Build.0 = Release|Any CPU
		{7837FDE9-960A-441A-BD19-C6E3462B2775}.Debug|Any CPU.ActiveCfg = Debug|Any CPU
		{7837FDE9-960A-441A-BD19-C6E3462B2775}.Debug|Any CPU.Build.0 = Debug|Any CPU
		{7837FDE9-960A-441A-BD19-C6E3462B2775}.Debug|arm64.ActiveCfg = Debug|Any CPU
		{7837FDE9-960A-441A-BD19-C6E3462B2775}.Debug|arm64.Build.0 = Debug|Any CPU
		{7837FDE9-960A-441A-BD19-C6E3462B2775}.Debug|x64.ActiveCfg = Debug|Any CPU
		{7837FDE9-960A-441A-BD19-C6E3462B2775}.Debug|x64.Build.0 = Debug|Any CPU
		{7837FDE9-960A-441A-BD19-C6E3462B2775}.Debug|x86.ActiveCfg = Debug|Any CPU
		{7837FDE9-960A-441A-BD19-C6E3462B2775}.Debug|x86.Build.0 = Debug|Any CPU
		{7837FDE9-960A-441A-BD19-C6E3462B2775}.Release|Any CPU.ActiveCfg = Release|Any CPU
		{7837FDE9-960A-441A-BD19-C6E3462B2775}.Release|Any CPU.Build.0 = Release|Any CPU
		{7837FDE9-960A-441A-BD19-C6E3462B2775}.Release|arm64.ActiveCfg = Release|Any CPU
		{7837FDE9-960A-441A-BD19-C6E3462B2775}.Release|arm64.Build.0 = Release|Any CPU
		{7837FDE9-960A-441A-BD19-C6E3462B2775}.Release|x64.ActiveCfg = Release|Any CPU
		{7837FDE9-960A-441A-BD19-C6E3462B2775}.Release|x64.Build.0 = Release|Any CPU
		{7837FDE9-960A-441A-BD19-C6E3462B2775}.Release|x86.ActiveCfg = Release|Any CPU
		{7837FDE9-960A-441A-BD19-C6E3462B2775}.Release|x86.Build.0 = Release|Any CPU
		{C644C94E-5FBB-4A20-AE42-1C389610FD4F}.Debug|Any CPU.ActiveCfg = Debug|Any CPU
		{C644C94E-5FBB-4A20-AE42-1C389610FD4F}.Debug|Any CPU.Build.0 = Debug|Any CPU
		{C644C94E-5FBB-4A20-AE42-1C389610FD4F}.Debug|arm64.ActiveCfg = Debug|Any CPU
		{C644C94E-5FBB-4A20-AE42-1C389610FD4F}.Debug|arm64.Build.0 = Debug|Any CPU
		{C644C94E-5FBB-4A20-AE42-1C389610FD4F}.Debug|x64.ActiveCfg = Debug|Any CPU
		{C644C94E-5FBB-4A20-AE42-1C389610FD4F}.Debug|x64.Build.0 = Debug|Any CPU
		{C644C94E-5FBB-4A20-AE42-1C389610FD4F}.Debug|x86.ActiveCfg = Debug|Any CPU
		{C644C94E-5FBB-4A20-AE42-1C389610FD4F}.Debug|x86.Build.0 = Debug|Any CPU
		{C644C94E-5FBB-4A20-AE42-1C389610FD4F}.Release|Any CPU.ActiveCfg = Release|Any CPU
		{C644C94E-5FBB-4A20-AE42-1C389610FD4F}.Release|Any CPU.Build.0 = Release|Any CPU
		{C644C94E-5FBB-4A20-AE42-1C389610FD4F}.Release|arm64.ActiveCfg = Release|Any CPU
		{C644C94E-5FBB-4A20-AE42-1C389610FD4F}.Release|arm64.Build.0 = Release|Any CPU
		{C644C94E-5FBB-4A20-AE42-1C389610FD4F}.Release|x64.ActiveCfg = Release|Any CPU
		{C644C94E-5FBB-4A20-AE42-1C389610FD4F}.Release|x64.Build.0 = Release|Any CPU
		{C644C94E-5FBB-4A20-AE42-1C389610FD4F}.Release|x86.ActiveCfg = Release|Any CPU
		{C644C94E-5FBB-4A20-AE42-1C389610FD4F}.Release|x86.Build.0 = Release|Any CPU
		{5FB9853E-4930-4301-9845-06054F6D10E3}.Debug|Any CPU.ActiveCfg = Debug|Any CPU
		{5FB9853E-4930-4301-9845-06054F6D10E3}.Debug|Any CPU.Build.0 = Debug|Any CPU
		{5FB9853E-4930-4301-9845-06054F6D10E3}.Debug|arm64.ActiveCfg = Debug|Any CPU
		{5FB9853E-4930-4301-9845-06054F6D10E3}.Debug|arm64.Build.0 = Debug|Any CPU
		{5FB9853E-4930-4301-9845-06054F6D10E3}.Debug|x64.ActiveCfg = Debug|Any CPU
		{5FB9853E-4930-4301-9845-06054F6D10E3}.Debug|x64.Build.0 = Debug|Any CPU
		{5FB9853E-4930-4301-9845-06054F6D10E3}.Debug|x86.ActiveCfg = Debug|Any CPU
		{5FB9853E-4930-4301-9845-06054F6D10E3}.Debug|x86.Build.0 = Debug|Any CPU
		{5FB9853E-4930-4301-9845-06054F6D10E3}.Release|Any CPU.ActiveCfg = Release|Any CPU
		{5FB9853E-4930-4301-9845-06054F6D10E3}.Release|Any CPU.Build.0 = Release|Any CPU
		{5FB9853E-4930-4301-9845-06054F6D10E3}.Release|arm64.ActiveCfg = Release|Any CPU
		{5FB9853E-4930-4301-9845-06054F6D10E3}.Release|arm64.Build.0 = Release|Any CPU
		{5FB9853E-4930-4301-9845-06054F6D10E3}.Release|x64.ActiveCfg = Release|Any CPU
		{5FB9853E-4930-4301-9845-06054F6D10E3}.Release|x64.Build.0 = Release|Any CPU
		{5FB9853E-4930-4301-9845-06054F6D10E3}.Release|x86.ActiveCfg = Release|Any CPU
		{5FB9853E-4930-4301-9845-06054F6D10E3}.Release|x86.Build.0 = Release|Any CPU
		{D982DD44-3E29-4467-8F70-C9BF269833C7}.Debug|Any CPU.ActiveCfg = Debug|Any CPU
		{D982DD44-3E29-4467-8F70-C9BF269833C7}.Debug|Any CPU.Build.0 = Debug|Any CPU
		{D982DD44-3E29-4467-8F70-C9BF269833C7}.Debug|arm64.ActiveCfg = Debug|Any CPU
		{D982DD44-3E29-4467-8F70-C9BF269833C7}.Debug|arm64.Build.0 = Debug|Any CPU
		{D982DD44-3E29-4467-8F70-C9BF269833C7}.Debug|x64.ActiveCfg = Debug|Any CPU
		{D982DD44-3E29-4467-8F70-C9BF269833C7}.Debug|x64.Build.0 = Debug|Any CPU
		{D982DD44-3E29-4467-8F70-C9BF269833C7}.Debug|x86.ActiveCfg = Debug|Any CPU
		{D982DD44-3E29-4467-8F70-C9BF269833C7}.Debug|x86.Build.0 = Debug|Any CPU
		{D982DD44-3E29-4467-8F70-C9BF269833C7}.Release|Any CPU.ActiveCfg = Release|Any CPU
		{D982DD44-3E29-4467-8F70-C9BF269833C7}.Release|Any CPU.Build.0 = Release|Any CPU
		{D982DD44-3E29-4467-8F70-C9BF269833C7}.Release|arm64.ActiveCfg = Release|Any CPU
		{D982DD44-3E29-4467-8F70-C9BF269833C7}.Release|arm64.Build.0 = Release|Any CPU
		{D982DD44-3E29-4467-8F70-C9BF269833C7}.Release|x64.ActiveCfg = Release|Any CPU
		{D982DD44-3E29-4467-8F70-C9BF269833C7}.Release|x64.Build.0 = Release|Any CPU
		{D982DD44-3E29-4467-8F70-C9BF269833C7}.Release|x86.ActiveCfg = Release|Any CPU
		{D982DD44-3E29-4467-8F70-C9BF269833C7}.Release|x86.Build.0 = Release|Any CPU
	EndGlobalSection
	GlobalSection(SolutionProperties) = preSolution
		HideSolutionNode = FALSE
	EndGlobalSection
	GlobalSection(NestedProjects) = preSolution
		{FE829312-00FB-443A-A44F-9A71A7891EF2} = {06A318D3-76DA-4B53-B2F5-6AB35914A41F}
		{53241FB6-6A14-4AC5-AF56-89F4E4090DEA} = {06A318D3-76DA-4B53-B2F5-6AB35914A41F}
		{AA50E0B6-EF8C-4E23-8126-D1ACB998664D} = {06A318D3-76DA-4B53-B2F5-6AB35914A41F}
		{A5328D5F-49E7-4AA3-99D2-813220FC1E09} = {84E0C3A6-D772-49B6-8274-60F67154C724}
		{BFFCD97E-C84A-4494-A6F3-8B6EA4883996} = {06A318D3-76DA-4B53-B2F5-6AB35914A41F}
		{36063BEB-F539-45CD-87F6-779EED0BCC12} = {06A318D3-76DA-4B53-B2F5-6AB35914A41F}
		{C7E6253A-B847-41F9-BED0-92F9991B63E2} = {06A318D3-76DA-4B53-B2F5-6AB35914A41F}
		{14405DA6-FFAB-4BD3-83D8-CD07F50FA2E5} = {06A318D3-76DA-4B53-B2F5-6AB35914A41F}
		{25BF0CB8-CF0F-4830-BA79-FD6F3DE5A559} = {EA61D513-EA04-426E-87D5-E32922A539AD}
		{652E4621-9CFD-4A7C-84B9-07CA20EFDD08} = {EA61D513-EA04-426E-87D5-E32922A539AD}
		{2EFA8929-D55F-430F-B290-83D9AC92AC95} = {EA61D513-EA04-426E-87D5-E32922A539AD}
		{F1275F96-C31A-4999-B362-3A9F20D33AE5} = {EA61D513-EA04-426E-87D5-E32922A539AD}
		{7837FDE9-960A-441A-BD19-C6E3462B2775} = {4389C217-D03E-44D1-BF5B-67B4DAC6C410}
		{C644C94E-5FBB-4A20-AE42-1C389610FD4F} = {4389C217-D03E-44D1-BF5B-67B4DAC6C410}
		{5FB9853E-4930-4301-9845-06054F6D10E3} = {4389C217-D03E-44D1-BF5B-67B4DAC6C410}
		{D982DD44-3E29-4467-8F70-C9BF269833C7} = {4389C217-D03E-44D1-BF5B-67B4DAC6C410}
	EndGlobalSection
	GlobalSection(ExtensibilityGlobals) = postSolution
		SolutionGuid = {E88D22E3-F71A-4514-A666-011EE1B3AD94}
	EndGlobalSection
EndGlobal
