
Microsoft Visual Studio Solution File, Format Version 12.00
# Visual Studio Version 17
VisualStudioVersion = 17.0.31612.314
MinimumVisualStudioVersion = 10.0.40219.1
Project("{6EC3EE1D-3C4E-46DD-8F32-0CC8E7565705}") = "MyBlazorApp.Utility", "MyBlazorApp.Utility\MyBlazorApp.Utility.fsproj", "{24E7FF55-2B10-4A5B-B770-3D07E31D7597}"
EndProject
Project("{9A19103F-16F7-4668-BE54-9A1E7A4F7556}") = "MyBlazorApp.Utility.FSharpHelpers", "MyBlazorApp.Utility.FSharpHelpers\MyBlazorApp.Utility.FSharpHelpers.csproj", "{C74F1D0E-3ABE-47E6-8CAB-E56DC4DDF7B4}"
EndProject
Project("{2150E333-8FDC-42A3-9474-1A3956D46DE8}") = "Solution Items", "Solution Items", "{349DE1BC-196D-4F69-8B8C-785E427C04D9}"
	ProjectSection(SolutionItems) = preProject
		global.json = global.json
	EndProjectSection
EndProject
Project("{2150E333-8FDC-42A3-9474-1A3956D46DE8}") = "Frontend", "Frontend", "{06A318D3-76DA-4B53-B2F5-6AB35914A41F}"
EndProject
Project("{2150E333-8FDC-42A3-9474-1A3956D46DE8}") = "Backend", "Backend", "{84E0C3A6-D772-49B6-8274-60F67154C724}"
EndProject
Project("{9A19103F-16F7-4668-BE54-9A1E7A4F7556}") = "MyBlazorApp.WebHost", "Backend\MyBlazorApp.WebHost\MyBlazorApp.WebHost.csproj", "{A1256171-A7A0-4FF6-8EB1-2FB30F8FD2E6}"
EndProject
Project("{6EC3EE1D-3C4E-46DD-8F32-0CC8E7565705}") = "MyBlazorApp.BlazorClient.Backend", "Frontend\MyBlazorApp.BlazorClient.Backend\MyBlazorApp.BlazorClient.Backend.fsproj", "{950DC7F2-B8B2-43FF-B3A0-DB306BD03762}"
EndProject
Project("{9A19103F-16F7-4668-BE54-9A1E7A4F7556}") = "MyBlazorApp.BlazorClient.BlazorServer", "Hosting\MyBlazorApp.BlazorClient.BlazorServer\MyBlazorApp.BlazorClient.BlazorServer.csproj", "{E5E39DF1-52E2-4108-8726-52A04BB0D852}"
EndProject
Project("{9A19103F-16F7-4668-BE54-9A1E7A4F7556}") = "MyBlazorApp.BlazorClient.Maui", "Hosting\MyBlazorApp.BlazorClient.Maui\MyBlazorApp.BlazorClient.Maui.csproj", "{ADF166CF-7BE1-43EF-953D-B12D26A39DA9}"
EndProject
Project("{9A19103F-16F7-4668-BE54-9A1E7A4F7556}") = "MyBlazorApp.BlazorClient.WebAssembly", "Hosting\MyBlazorApp.BlazorClient.WebAssembly\MyBlazorApp.BlazorClient.WebAssembly.csproj", "{49FABAE4-D73C-4462-8D0B-7FCC142201F9}"
EndProject
Project("{9A19103F-16F7-4668-BE54-9A1E7A4F7556}") = "MyBlazorApp.BlazorClient.WebWindow", "Hosting\MyBlazorApp.BlazorClient.WebWindow\MyBlazorApp.BlazorClient.WebWindow.csproj", "{0FAB6204-5C3E-49F3-8C6F-C4D0CDDE7FE6}"
EndProject
Project("{9A19103F-16F7-4668-BE54-9A1E7A4F7556}") = "MyBlazorApp.ComponentsAndPages", "Frontend\MyBlazorApp.ComponentsAndPages\MyBlazorApp.ComponentsAndPages.csproj", "{F83F7613-257F-43F2-AA08-92709611418F}"
EndProject
Project("{2150E333-8FDC-42A3-9474-1A3956D46DE8}") = "Services", "Services", "{B367165D-FB26-47A5-915B-35D1AC69A5B9}"
EndProject
Project("{2150E333-8FDC-42A3-9474-1A3956D46DE8}") = "DiscriminatedUnions", "DiscriminatedUnions", "{1F598ECE-9A9B-4917-8EF8-98B3EE42A906}"
EndProject
Project("{2150E333-8FDC-42A3-9474-1A3956D46DE8}") = "WeatherForecasts", "WeatherForecasts", "{0C1852BF-D119-4BDD-AF69-F6E5C843677D}"
EndProject
Project("{6EC3EE1D-3C4E-46DD-8F32-0CC8E7565705}") = "MyBlazorApp.Services.DiscriminatedUnions.Contracts", "Services\DiscriminatedUnions\MyBlazorApp.Services.DiscriminatedUnions.Contracts\MyBlazorApp.Services.DiscriminatedUnions.Contracts.fsproj", "{EFAD8991-9057-49EA-AA62-13BD35089BC6}"
EndProject
Project("{6EC3EE1D-3C4E-46DD-8F32-0CC8E7565705}") = "MyBlazorApp.Services.DiscriminatedUnions.Domain", "Services\DiscriminatedUnions\MyBlazorApp.Services.DiscriminatedUnions.Domain\MyBlazorApp.Services.DiscriminatedUnions.Domain.fsproj", "{BA6D56F5-AD88-4BA3-B402-677A698BF046}"
EndProject
Project("{6EC3EE1D-3C4E-46DD-8F32-0CC8E7565705}") = "MyBlazorApp.Services.DiscriminatedUnions.Implementation", "Services\DiscriminatedUnions\MyBlazorApp.Services.DiscriminatedUnions.Implementation\MyBlazorApp.Services.DiscriminatedUnions.Implementation.fsproj", "{31B6DD84-E423-4226-A4B2-109B4AFF7873}"
EndProject
Project("{6EC3EE1D-3C4E-46DD-8F32-0CC8E7565705}") = "MyBlazorApp.Services.WeatherForecasts.Contracts", "Services\WeatherForecasts\MyBlazorApp.Services.WeatherForecasts.Contracts\MyBlazorApp.Services.WeatherForecasts.Contracts.fsproj", "{07E90C3A-7976-4E71-9873-87C1512F750F}"
EndProject
Project("{6EC3EE1D-3C4E-46DD-8F32-0CC8E7565705}") = "MyBlazorApp.Services.WeatherForecasts.Domain", "Services\WeatherForecasts\MyBlazorApp.Services.WeatherForecasts.Domain\MyBlazorApp.Services.WeatherForecasts.Domain.fsproj", "{E64D47D9-941F-4DA3-BA57-565D813569E1}"
EndProject
Project("{6EC3EE1D-3C4E-46DD-8F32-0CC8E7565705}") = "MyBlazorApp.Services.WeatherForecasts.Implementation", "Services\WeatherForecasts\MyBlazorApp.Services.WeatherForecasts.Implementation\MyBlazorApp.Services.WeatherForecasts.Implementation.fsproj", "{74131212-47FA-4A6C-A607-CFE5305C6AD1}"
EndProject
Project("{2150E333-8FDC-42A3-9474-1A3956D46DE8}") = "Shared", "Shared", "{56F9C242-314D-48A6-9ECB-D2D4E04F3C89}"
	ProjectSection(SolutionItems) = preProject
		Frontend\Shared\css\app.css = Frontend\Shared\css\app.css
		Frontend\Shared\favicon.ico = Frontend\Shared\favicon.ico
	EndProjectSection
EndProject
Project("{FAE04EC0-301F-11D3-BF4B-00C04F79EFBC}") = "TailwindComponents", "Frontend\TailwindComponents\TailwindComponents.csproj", "{AAB7B8F2-81EF-4AD2-B8E4-B5C14BC1B355}"
EndProject
Project("{2150E333-8FDC-42A3-9474-1A3956D46DE8}") = "Hosting", "Hosting", "{F26D4565-4EA5-4483-AE8E-641BA604D262}"
EndProject
Global
	GlobalSection(SolutionConfigurationPlatforms) = preSolution
		Debug|Any CPU = Debug|Any CPU
		Debug|arm64 = Debug|arm64
		Debug|x64 = Debug|x64
		Debug|x86 = Debug|x86
		Release|Any CPU = Release|Any CPU
		Release|arm64 = Release|arm64
		Release|x64 = Release|x64
		Release|x86 = Release|x86
	EndGlobalSection
	GlobalSection(ProjectConfigurationPlatforms) = postSolution
		{24E7FF55-2B10-4A5B-B770-3D07E31D7597}.Debug|Any CPU.ActiveCfg = Debug|Any CPU
		{24E7FF55-2B10-4A5B-B770-3D07E31D7597}.Debug|Any CPU.Build.0 = Debug|Any CPU
		{24E7FF55-2B10-4A5B-B770-3D07E31D7597}.Debug|arm64.ActiveCfg = Debug|Any CPU
		{24E7FF55-2B10-4A5B-B770-3D07E31D7597}.Debug|arm64.Build.0 = Debug|Any CPU
		{24E7FF55-2B10-4A5B-B770-3D07E31D7597}.Debug|x64.ActiveCfg = Debug|Any CPU
		{24E7FF55-2B10-4A5B-B770-3D07E31D7597}.Debug|x64.Build.0 = Debug|Any CPU
		{24E7FF55-2B10-4A5B-B770-3D07E31D7597}.Debug|x86.ActiveCfg = Debug|Any CPU
		{24E7FF55-2B10-4A5B-B770-3D07E31D7597}.Debug|x86.Build.0 = Debug|Any CPU
		{24E7FF55-2B10-4A5B-B770-3D07E31D7597}.Release|Any CPU.ActiveCfg = Release|Any CPU
		{24E7FF55-2B10-4A5B-B770-3D07E31D7597}.Release|Any CPU.Build.0 = Release|Any CPU
		{24E7FF55-2B10-4A5B-B770-3D07E31D7597}.Release|arm64.ActiveCfg = Release|Any CPU
		{24E7FF55-2B10-4A5B-B770-3D07E31D7597}.Release|arm64.Build.0 = Release|Any CPU
		{24E7FF55-2B10-4A5B-B770-3D07E31D7597}.Release|x64.ActiveCfg = Release|Any CPU
		{24E7FF55-2B10-4A5B-B770-3D07E31D7597}.Release|x64.Build.0 = Release|Any CPU
		{24E7FF55-2B10-4A5B-B770-3D07E31D7597}.Release|x86.ActiveCfg = Release|Any CPU
		{24E7FF55-2B10-4A5B-B770-3D07E31D7597}.Release|x86.Build.0 = Release|Any CPU
		{C74F1D0E-3ABE-47E6-8CAB-E56DC4DDF7B4}.Debug|Any CPU.ActiveCfg = Debug|Any CPU
		{C74F1D0E-3ABE-47E6-8CAB-E56DC4DDF7B4}.Debug|Any CPU.Build.0 = Debug|Any CPU
		{C74F1D0E-3ABE-47E6-8CAB-E56DC4DDF7B4}.Debug|arm64.ActiveCfg = Debug|Any CPU
		{C74F1D0E-3ABE-47E6-8CAB-E56DC4DDF7B4}.Debug|arm64.Build.0 = Debug|Any CPU
		{C74F1D0E-3ABE-47E6-8CAB-E56DC4DDF7B4}.Debug|x64.ActiveCfg = Debug|Any CPU
		{C74F1D0E-3ABE-47E6-8CAB-E56DC4DDF7B4}.Debug|x64.Build.0 = Debug|Any CPU
		{C74F1D0E-3ABE-47E6-8CAB-E56DC4DDF7B4}.Debug|x86.ActiveCfg = Debug|Any CPU
		{C74F1D0E-3ABE-47E6-8CAB-E56DC4DDF7B4}.Debug|x86.Build.0 = Debug|Any CPU
		{C74F1D0E-3ABE-47E6-8CAB-E56DC4DDF7B4}.Release|Any CPU.ActiveCfg = Release|Any CPU
		{C74F1D0E-3ABE-47E6-8CAB-E56DC4DDF7B4}.Release|Any CPU.Build.0 = Release|Any CPU
		{C74F1D0E-3ABE-47E6-8CAB-E56DC4DDF7B4}.Release|arm64.ActiveCfg = Release|Any CPU
		{C74F1D0E-3ABE-47E6-8CAB-E56DC4DDF7B4}.Release|arm64.Build.0 = Release|Any CPU
		{C74F1D0E-3ABE-47E6-8CAB-E56DC4DDF7B4}.Release|x64.ActiveCfg = Release|Any CPU
		{C74F1D0E-3ABE-47E6-8CAB-E56DC4DDF7B4}.Release|x64.Build.0 = Release|Any CPU
		{C74F1D0E-3ABE-47E6-8CAB-E56DC4DDF7B4}.Release|x86.ActiveCfg = Release|Any CPU
		{C74F1D0E-3ABE-47E6-8CAB-E56DC4DDF7B4}.Release|x86.Build.0 = Release|Any CPU
		{A1256171-A7A0-4FF6-8EB1-2FB30F8FD2E6}.Debug|Any CPU.ActiveCfg = Debug|Any CPU
		{A1256171-A7A0-4FF6-8EB1-2FB30F8FD2E6}.Debug|Any CPU.Build.0 = Debug|Any CPU
		{A1256171-A7A0-4FF6-8EB1-2FB30F8FD2E6}.Debug|arm64.ActiveCfg = Debug|Any CPU
		{A1256171-A7A0-4FF6-8EB1-2FB30F8FD2E6}.Debug|arm64.Build.0 = Debug|Any CPU
		{A1256171-A7A0-4FF6-8EB1-2FB30F8FD2E6}.Debug|x64.ActiveCfg = Debug|Any CPU
		{A1256171-A7A0-4FF6-8EB1-2FB30F8FD2E6}.Debug|x64.Build.0 = Debug|Any CPU
		{A1256171-A7A0-4FF6-8EB1-2FB30F8FD2E6}.Debug|x86.ActiveCfg = Debug|Any CPU
		{A1256171-A7A0-4FF6-8EB1-2FB30F8FD2E6}.Debug|x86.Build.0 = Debug|Any CPU
		{A1256171-A7A0-4FF6-8EB1-2FB30F8FD2E6}.Release|Any CPU.ActiveCfg = Release|Any CPU
		{A1256171-A7A0-4FF6-8EB1-2FB30F8FD2E6}.Release|Any CPU.Build.0 = Release|Any CPU
		{A1256171-A7A0-4FF6-8EB1-2FB30F8FD2E6}.Release|arm64.ActiveCfg = Release|Any CPU
		{A1256171-A7A0-4FF6-8EB1-2FB30F8FD2E6}.Release|arm64.Build.0 = Release|Any CPU
		{A1256171-A7A0-4FF6-8EB1-2FB30F8FD2E6}.Release|x64.ActiveCfg = Release|Any CPU
		{A1256171-A7A0-4FF6-8EB1-2FB30F8FD2E6}.Release|x64.Build.0 = Release|Any CPU
		{A1256171-A7A0-4FF6-8EB1-2FB30F8FD2E6}.Release|x86.ActiveCfg = Release|Any CPU
		{A1256171-A7A0-4FF6-8EB1-2FB30F8FD2E6}.Release|x86.Build.0 = Release|Any CPU
		{950DC7F2-B8B2-43FF-B3A0-DB306BD03762}.Debug|Any CPU.ActiveCfg = Debug|Any CPU
		{950DC7F2-B8B2-43FF-B3A0-DB306BD03762}.Debug|Any CPU.Build.0 = Debug|Any CPU
		{950DC7F2-B8B2-43FF-B3A0-DB306BD03762}.Debug|arm64.ActiveCfg = Debug|Any CPU
		{950DC7F2-B8B2-43FF-B3A0-DB306BD03762}.Debug|arm64.Build.0 = Debug|Any CPU
		{950DC7F2-B8B2-43FF-B3A0-DB306BD03762}.Debug|x64.ActiveCfg = Debug|Any CPU
		{950DC7F2-B8B2-43FF-B3A0-DB306BD03762}.Debug|x64.Build.0 = Debug|Any CPU
		{950DC7F2-B8B2-43FF-B3A0-DB306BD03762}.Debug|x86.ActiveCfg = Debug|Any CPU
		{950DC7F2-B8B2-43FF-B3A0-DB306BD03762}.Debug|x86.Build.0 = Debug|Any CPU
		{950DC7F2-B8B2-43FF-B3A0-DB306BD03762}.Release|Any CPU.ActiveCfg = Release|Any CPU
		{950DC7F2-B8B2-43FF-B3A0-DB306BD03762}.Release|Any CPU.Build.0 = Release|Any CPU
		{950DC7F2-B8B2-43FF-B3A0-DB306BD03762}.Release|arm64.ActiveCfg = Release|Any CPU
		{950DC7F2-B8B2-43FF-B3A0-DB306BD03762}.Release|arm64.Build.0 = Release|Any CPU
		{950DC7F2-B8B2-43FF-B3A0-DB306BD03762}.Release|x64.ActiveCfg = Release|Any CPU
		{950DC7F2-B8B2-43FF-B3A0-DB306BD03762}.Release|x64.Build.0 = Release|Any CPU
		{950DC7F2-B8B2-43FF-B3A0-DB306BD03762}.Release|x86.ActiveCfg = Release|Any CPU
		{950DC7F2-B8B2-43FF-B3A0-DB306BD03762}.Release|x86.Build.0 = Release|Any CPU
		{E5E39DF1-52E2-4108-8726-52A04BB0D852}.Debug|Any CPU.ActiveCfg = Debug|Any CPU
		{E5E39DF1-52E2-4108-8726-52A04BB0D852}.Debug|Any CPU.Build.0 = Debug|Any CPU
		{E5E39DF1-52E2-4108-8726-52A04BB0D852}.Debug|arm64.ActiveCfg = Debug|Any CPU
		{E5E39DF1-52E2-4108-8726-52A04BB0D852}.Debug|arm64.Build.0 = Debug|Any CPU
		{E5E39DF1-52E2-4108-8726-52A04BB0D852}.Debug|x64.ActiveCfg = Debug|Any CPU
		{E5E39DF1-52E2-4108-8726-52A04BB0D852}.Debug|x64.Build.0 = Debug|Any CPU
		{E5E39DF1-52E2-4108-8726-52A04BB0D852}.Debug|x86.ActiveCfg = Debug|Any CPU
		{E5E39DF1-52E2-4108-8726-52A04BB0D852}.Debug|x86.Build.0 = Debug|Any CPU
		{E5E39DF1-52E2-4108-8726-52A04BB0D852}.Release|Any CPU.ActiveCfg = Release|Any CPU
		{E5E39DF1-52E2-4108-8726-52A04BB0D852}.Release|Any CPU.Build.0 = Release|Any CPU
		{E5E39DF1-52E2-4108-8726-52A04BB0D852}.Release|arm64.ActiveCfg = Release|Any CPU
		{E5E39DF1-52E2-4108-8726-52A04BB0D852}.Release|arm64.Build.0 = Release|Any CPU
		{E5E39DF1-52E2-4108-8726-52A04BB0D852}.Release|x64.ActiveCfg = Release|Any CPU
		{E5E39DF1-52E2-4108-8726-52A04BB0D852}.Release|x64.Build.0 = Release|Any CPU
		{E5E39DF1-52E2-4108-8726-52A04BB0D852}.Release|x86.ActiveCfg = Release|Any CPU
		{E5E39DF1-52E2-4108-8726-52A04BB0D852}.Release|x86.Build.0 = Release|Any CPU
		{ADF166CF-7BE1-43EF-953D-B12D26A39DA9}.Debug|Any CPU.ActiveCfg = Debug|Any CPU
		{ADF166CF-7BE1-43EF-953D-B12D26A39DA9}.Debug|Any CPU.Build.0 = Debug|Any CPU
		{ADF166CF-7BE1-43EF-953D-B12D26A39DA9}.Debug|Any CPU.Deploy.0 = Debug|Any CPU
		{ADF166CF-7BE1-43EF-953D-B12D26A39DA9}.Debug|arm64.ActiveCfg = Debug|Any CPU
		{ADF166CF-7BE1-43EF-953D-B12D26A39DA9}.Debug|arm64.Build.0 = Debug|Any CPU
		{ADF166CF-7BE1-43EF-953D-B12D26A39DA9}.Debug|arm64.Deploy.0 = Debug|Any CPU
		{ADF166CF-7BE1-43EF-953D-B12D26A39DA9}.Debug|x64.ActiveCfg = Debug|Any CPU
		{ADF166CF-7BE1-43EF-953D-B12D26A39DA9}.Debug|x64.Build.0 = Debug|Any CPU
		{ADF166CF-7BE1-43EF-953D-B12D26A39DA9}.Debug|x64.Deploy.0 = Debug|Any CPU
		{ADF166CF-7BE1-43EF-953D-B12D26A39DA9}.Debug|x86.ActiveCfg = Debug|Any CPU
		{ADF166CF-7BE1-43EF-953D-B12D26A39DA9}.Debug|x86.Build.0 = Debug|Any CPU
		{ADF166CF-7BE1-43EF-953D-B12D26A39DA9}.Debug|x86.Deploy.0 = Debug|Any CPU
		{ADF166CF-7BE1-43EF-953D-B12D26A39DA9}.Release|Any CPU.ActiveCfg = Release|Any CPU
		{ADF166CF-7BE1-43EF-953D-B12D26A39DA9}.Release|Any CPU.Build.0 = Release|Any CPU
		{ADF166CF-7BE1-43EF-953D-B12D26A39DA9}.Release|Any CPU.Deploy.0 = Release|Any CPU
		{ADF166CF-7BE1-43EF-953D-B12D26A39DA9}.Release|arm64.ActiveCfg = Release|Any CPU
		{ADF166CF-7BE1-43EF-953D-B12D26A39DA9}.Release|arm64.Build.0 = Release|Any CPU
		{ADF166CF-7BE1-43EF-953D-B12D26A39DA9}.Release|arm64.Deploy.0 = Release|Any CPU
		{ADF166CF-7BE1-43EF-953D-B12D26A39DA9}.Release|x64.ActiveCfg = Release|Any CPU
		{ADF166CF-7BE1-43EF-953D-B12D26A39DA9}.Release|x64.Build.0 = Release|Any CPU
		{ADF166CF-7BE1-43EF-953D-B12D26A39DA9}.Release|x64.Deploy.0 = Release|Any CPU
		{ADF166CF-7BE1-43EF-953D-B12D26A39DA9}.Release|x86.ActiveCfg = Release|Any CPU
		{ADF166CF-7BE1-43EF-953D-B12D26A39DA9}.Release|x86.Build.0 = Release|Any CPU
		{49FABAE4-D73C-4462-8D0B-7FCC142201F9}.Debug|Any CPU.ActiveCfg = Debug|Any CPU
		{49FABAE4-D73C-4462-8D0B-7FCC142201F9}.Debug|Any CPU.Build.0 = Debug|Any CPU
		{49FABAE4-D73C-4462-8D0B-7FCC142201F9}.Debug|arm64.ActiveCfg = Debug|Any CPU
		{49FABAE4-D73C-4462-8D0B-7FCC142201F9}.Debug|arm64.Build.0 = Debug|Any CPU
		{49FABAE4-D73C-4462-8D0B-7FCC142201F9}.Debug|x64.ActiveCfg = Debug|Any CPU
		{49FABAE4-D73C-4462-8D0B-7FCC142201F9}.Debug|x64.Build.0 = Debug|Any CPU
		{49FABAE4-D73C-4462-8D0B-7FCC142201F9}.Debug|x86.ActiveCfg = Debug|Any CPU
		{49FABAE4-D73C-4462-8D0B-7FCC142201F9}.Debug|x86.Build.0 = Debug|Any CPU
		{49FABAE4-D73C-4462-8D0B-7FCC142201F9}.Release|Any CPU.ActiveCfg = Release|Any CPU
		{49FABAE4-D73C-4462-8D0B-7FCC142201F9}.Release|Any CPU.Build.0 = Release|Any CPU
		{49FABAE4-D73C-4462-8D0B-7FCC142201F9}.Release|arm64.ActiveCfg = Release|Any CPU
		{49FABAE4-D73C-4462-8D0B-7FCC142201F9}.Release|arm64.Build.0 = Release|Any CPU
		{49FABAE4-D73C-4462-8D0B-7FCC142201F9}.Release|x64.ActiveCfg = Release|Any CPU
		{49FABAE4-D73C-4462-8D0B-7FCC142201F9}.Release|x64.Build.0 = Release|Any CPU
		{49FABAE4-D73C-4462-8D0B-7FCC142201F9}.Release|x86.ActiveCfg = Release|Any CPU
		{49FABAE4-D73C-4462-8D0B-7FCC142201F9}.Release|x86.Build.0 = Release|Any CPU
		{0FAB6204-5C3E-49F3-8C6F-C4D0CDDE7FE6}.Debug|Any CPU.ActiveCfg = Debug|Any CPU
		{0FAB6204-5C3E-49F3-8C6F-C4D0CDDE7FE6}.Debug|Any CPU.Build.0 = Debug|Any CPU
		{0FAB6204-5C3E-49F3-8C6F-C4D0CDDE7FE6}.Debug|arm64.ActiveCfg = Debug|Any CPU
		{0FAB6204-5C3E-49F3-8C6F-C4D0CDDE7FE6}.Debug|arm64.Build.0 = Debug|Any CPU
		{0FAB6204-5C3E-49F3-8C6F-C4D0CDDE7FE6}.Debug|x64.ActiveCfg = Debug|Any CPU
		{0FAB6204-5C3E-49F3-8C6F-C4D0CDDE7FE6}.Debug|x64.Build.0 = Debug|Any CPU
		{0FAB6204-5C3E-49F3-8C6F-C4D0CDDE7FE6}.Debug|x86.ActiveCfg = Debug|Any CPU
		{0FAB6204-5C3E-49F3-8C6F-C4D0CDDE7FE6}.Debug|x86.Build.0 = Debug|Any CPU
		{0FAB6204-5C3E-49F3-8C6F-C4D0CDDE7FE6}.Release|Any CPU.ActiveCfg = Release|Any CPU
		{0FAB6204-5C3E-49F3-8C6F-C4D0CDDE7FE6}.Release|Any CPU.Build.0 = Release|Any CPU
		{0FAB6204-5C3E-49F3-8C6F-C4D0CDDE7FE6}.Release|arm64.ActiveCfg = Release|Any CPU
		{0FAB6204-5C3E-49F3-8C6F-C4D0CDDE7FE6}.Release|arm64.Build.0 = Release|Any CPU
		{0FAB6204-5C3E-49F3-8C6F-C4D0CDDE7FE6}.Release|x64.ActiveCfg = Release|Any CPU
		{0FAB6204-5C3E-49F3-8C6F-C4D0CDDE7FE6}.Release|x64.Build.0 = Release|Any CPU
		{0FAB6204-5C3E-49F3-8C6F-C4D0CDDE7FE6}.Release|x86.ActiveCfg = Release|Any CPU
		{0FAB6204-5C3E-49F3-8C6F-C4D0CDDE7FE6}.Release|x86.Build.0 = Release|Any CPU
		{F83F7613-257F-43F2-AA08-92709611418F}.Debug|Any CPU.ActiveCfg = Debug|Any CPU
		{F83F7613-257F-43F2-AA08-92709611418F}.Debug|Any CPU.Build.0 = Debug|Any CPU
		{F83F7613-257F-43F2-AA08-92709611418F}.Debug|arm64.ActiveCfg = Debug|Any CPU
		{F83F7613-257F-43F2-AA08-92709611418F}.Debug|arm64.Build.0 = Debug|Any CPU
		{F83F7613-257F-43F2-AA08-92709611418F}.Debug|x64.ActiveCfg = Debug|Any CPU
		{F83F7613-257F-43F2-AA08-92709611418F}.Debug|x64.Build.0 = Debug|Any CPU
		{F83F7613-257F-43F2-AA08-92709611418F}.Debug|x86.ActiveCfg = Debug|Any CPU
		{F83F7613-257F-43F2-AA08-92709611418F}.Debug|x86.Build.0 = Debug|Any CPU
		{F83F7613-257F-43F2-AA08-92709611418F}.Release|Any CPU.ActiveCfg = Release|Any CPU
		{F83F7613-257F-43F2-AA08-92709611418F}.Release|Any CPU.Build.0 = Release|Any CPU
		{F83F7613-257F-43F2-AA08-92709611418F}.Release|arm64.ActiveCfg = Release|Any CPU
		{F83F7613-257F-43F2-AA08-92709611418F}.Release|arm64.Build.0 = Release|Any CPU
		{F83F7613-257F-43F2-AA08-92709611418F}.Release|x64.ActiveCfg = Release|Any CPU
		{F83F7613-257F-43F2-AA08-92709611418F}.Release|x64.Build.0 = Release|Any CPU
		{F83F7613-257F-43F2-AA08-92709611418F}.Release|x86.ActiveCfg = Release|Any CPU
		{F83F7613-257F-43F2-AA08-92709611418F}.Release|x86.Build.0 = Release|Any CPU
		{EFAD8991-9057-49EA-AA62-13BD35089BC6}.Debug|Any CPU.ActiveCfg = Debug|Any CPU
		{EFAD8991-9057-49EA-AA62-13BD35089BC6}.Debug|Any CPU.Build.0 = Debug|Any CPU
		{EFAD8991-9057-49EA-AA62-13BD35089BC6}.Debug|arm64.ActiveCfg = Debug|Any CPU
		{EFAD8991-9057-49EA-AA62-13BD35089BC6}.Debug|arm64.Build.0 = Debug|Any CPU
		{EFAD8991-9057-49EA-AA62-13BD35089BC6}.Debug|x64.ActiveCfg = Debug|Any CPU
		{EFAD8991-9057-49EA-AA62-13BD35089BC6}.Debug|x64.Build.0 = Debug|Any CPU
		{EFAD8991-9057-49EA-AA62-13BD35089BC6}.Debug|x86.ActiveCfg = Debug|Any CPU
		{EFAD8991-9057-49EA-AA62-13BD35089BC6}.Debug|x86.Build.0 = Debug|Any CPU
		{EFAD8991-9057-49EA-AA62-13BD35089BC6}.Release|Any CPU.ActiveCfg = Release|Any CPU
		{EFAD8991-9057-49EA-AA62-13BD35089BC6}.Release|Any CPU.Build.0 = Release|Any CPU
		{EFAD8991-9057-49EA-AA62-13BD35089BC6}.Release|arm64.ActiveCfg = Release|Any CPU
		{EFAD8991-9057-49EA-AA62-13BD35089BC6}.Release|arm64.Build.0 = Release|Any CPU
		{EFAD8991-9057-49EA-AA62-13BD35089BC6}.Release|x64.ActiveCfg = Release|Any CPU
		{EFAD8991-9057-49EA-AA62-13BD35089BC6}.Release|x64.Build.0 = Release|Any CPU
		{EFAD8991-9057-49EA-AA62-13BD35089BC6}.Release|x86.ActiveCfg = Release|Any CPU
		{EFAD8991-9057-49EA-AA62-13BD35089BC6}.Release|x86.Build.0 = Release|Any CPU
		{BA6D56F5-AD88-4BA3-B402-677A698BF046}.Debug|Any CPU.ActiveCfg = Debug|Any CPU
		{BA6D56F5-AD88-4BA3-B402-677A698BF046}.Debug|Any CPU.Build.0 = Debug|Any CPU
		{BA6D56F5-AD88-4BA3-B402-677A698BF046}.Debug|arm64.ActiveCfg = Debug|Any CPU
		{BA6D56F5-AD88-4BA3-B402-677A698BF046}.Debug|arm64.Build.0 = Debug|Any CPU
		{BA6D56F5-AD88-4BA3-B402-677A698BF046}.Debug|x64.ActiveCfg = Debug|Any CPU
		{BA6D56F5-AD88-4BA3-B402-677A698BF046}.Debug|x64.Build.0 = Debug|Any CPU
		{BA6D56F5-AD88-4BA3-B402-677A698BF046}.Debug|x86.ActiveCfg = Debug|Any CPU
		{BA6D56F5-AD88-4BA3-B402-677A698BF046}.Debug|x86.Build.0 = Debug|Any CPU
		{BA6D56F5-AD88-4BA3-B402-677A698BF046}.Release|Any CPU.ActiveCfg = Release|Any CPU
		{BA6D56F5-AD88-4BA3-B402-677A698BF046}.Release|Any CPU.Build.0 = Release|Any CPU
		{BA6D56F5-AD88-4BA3-B402-677A698BF046}.Release|arm64.ActiveCfg = Release|Any CPU
		{BA6D56F5-AD88-4BA3-B402-677A698BF046}.Release|arm64.Build.0 = Release|Any CPU
		{BA6D56F5-AD88-4BA3-B402-677A698BF046}.Release|x64.ActiveCfg = Release|Any CPU
		{BA6D56F5-AD88-4BA3-B402-677A698BF046}.Release|x64.Build.0 = Release|Any CPU
		{BA6D56F5-AD88-4BA3-B402-677A698BF046}.Release|x86.ActiveCfg = Release|Any CPU
		{BA6D56F5-AD88-4BA3-B402-677A698BF046}.Release|x86.Build.0 = Release|Any CPU
		{31B6DD84-E423-4226-A4B2-109B4AFF7873}.Debug|Any CPU.ActiveCfg = Debug|Any CPU
		{31B6DD84-E423-4226-A4B2-109B4AFF7873}.Debug|Any CPU.Build.0 = Debug|Any CPU
		{31B6DD84-E423-4226-A4B2-109B4AFF7873}.Debug|arm64.ActiveCfg = Debug|Any CPU
		{31B6DD84-E423-4226-A4B2-109B4AFF7873}.Debug|arm64.Build.0 = Debug|Any CPU
		{31B6DD84-E423-4226-A4B2-109B4AFF7873}.Debug|x64.ActiveCfg = Debug|Any CPU
		{31B6DD84-E423-4226-A4B2-109B4AFF7873}.Debug|x64.Build.0 = Debug|Any CPU
		{31B6DD84-E423-4226-A4B2-109B4AFF7873}.Debug|x86.ActiveCfg = Debug|Any CPU
		{31B6DD84-E423-4226-A4B2-109B4AFF7873}.Debug|x86.Build.0 = Debug|Any CPU
		{31B6DD84-E423-4226-A4B2-109B4AFF7873}.Release|Any CPU.ActiveCfg = Release|Any CPU
		{31B6DD84-E423-4226-A4B2-109B4AFF7873}.Release|Any CPU.Build.0 = Release|Any CPU
		{31B6DD84-E423-4226-A4B2-109B4AFF7873}.Release|arm64.ActiveCfg = Release|Any CPU
		{31B6DD84-E423-4226-A4B2-109B4AFF7873}.Release|arm64.Build.0 = Release|Any CPU
		{31B6DD84-E423-4226-A4B2-109B4AFF7873}.Release|x64.ActiveCfg = Release|Any CPU
		{31B6DD84-E423-4226-A4B2-109B4AFF7873}.Release|x64.Build.0 = Release|Any CPU
		{31B6DD84-E423-4226-A4B2-109B4AFF7873}.Release|x86.ActiveCfg = Release|Any CPU
		{31B6DD84-E423-4226-A4B2-109B4AFF7873}.Release|x86.Build.0 = Release|Any CPU
		{07E90C3A-7976-4E71-9873-87C1512F750F}.Debug|Any CPU.ActiveCfg = Debug|Any CPU
		{07E90C3A-7976-4E71-9873-87C1512F750F}.Debug|Any CPU.Build.0 = Debug|Any CPU
		{07E90C3A-7976-4E71-9873-87C1512F750F}.Debug|arm64.ActiveCfg = Debug|Any CPU
		{07E90C3A-7976-4E71-9873-87C1512F750F}.Debug|arm64.Build.0 = Debug|Any CPU
		{07E90C3A-7976-4E71-9873-87C1512F750F}.Debug|x64.ActiveCfg = Debug|Any CPU
		{07E90C3A-7976-4E71-9873-87C1512F750F}.Debug|x64.Build.0 = Debug|Any CPU
		{07E90C3A-7976-4E71-9873-87C1512F750F}.Debug|x86.ActiveCfg = Debug|Any CPU
		{07E90C3A-7976-4E71-9873-87C1512F750F}.Debug|x86.Build.0 = Debug|Any CPU
		{07E90C3A-7976-4E71-9873-87C1512F750F}.Release|Any CPU.ActiveCfg = Release|Any CPU
		{07E90C3A-7976-4E71-9873-87C1512F750F}.Release|Any CPU.Build.0 = Release|Any CPU
		{07E90C3A-7976-4E71-9873-87C1512F750F}.Release|arm64.ActiveCfg = Release|Any CPU
		{07E90C3A-7976-4E71-9873-87C1512F750F}.Release|arm64.Build.0 = Release|Any CPU
		{07E90C3A-7976-4E71-9873-87C1512F750F}.Release|x64.ActiveCfg = Release|Any CPU
		{07E90C3A-7976-4E71-9873-87C1512F750F}.Release|x64.Build.0 = Release|Any CPU
		{07E90C3A-7976-4E71-9873-87C1512F750F}.Release|x86.ActiveCfg = Release|Any CPU
		{07E90C3A-7976-4E71-9873-87C1512F750F}.Release|x86.Build.0 = Release|Any CPU
		{E64D47D9-941F-4DA3-BA57-565D813569E1}.Debug|Any CPU.ActiveCfg = Debug|Any CPU
		{E64D47D9-941F-4DA3-BA57-565D813569E1}.Debug|Any CPU.Build.0 = Debug|Any CPU
		{E64D47D9-941F-4DA3-BA57-565D813569E1}.Debug|arm64.ActiveCfg = Debug|Any CPU
		{E64D47D9-941F-4DA3-BA57-565D813569E1}.Debug|arm64.Build.0 = Debug|Any CPU
		{E64D47D9-941F-4DA3-BA57-565D813569E1}.Debug|x64.ActiveCfg = Debug|Any CPU
		{E64D47D9-941F-4DA3-BA57-565D813569E1}.Debug|x64.Build.0 = Debug|Any CPU
		{E64D47D9-941F-4DA3-BA57-565D813569E1}.Debug|x86.ActiveCfg = Debug|Any CPU
		{E64D47D9-941F-4DA3-BA57-565D813569E1}.Debug|x86.Build.0 = Debug|Any CPU
		{E64D47D9-941F-4DA3-BA57-565D813569E1}.Release|Any CPU.ActiveCfg = Release|Any CPU
		{E64D47D9-941F-4DA3-BA57-565D813569E1}.Release|Any CPU.Build.0 = Release|Any CPU
		{E64D47D9-941F-4DA3-BA57-565D813569E1}.Release|arm64.ActiveCfg = Release|Any CPU
		{E64D47D9-941F-4DA3-BA57-565D813569E1}.Release|arm64.Build.0 = Release|Any CPU
		{E64D47D9-941F-4DA3-BA57-565D813569E1}.Release|x64.ActiveCfg = Release|Any CPU
		{E64D47D9-941F-4DA3-BA57-565D813569E1}.Release|x64.Build.0 = Release|Any CPU
		{E64D47D9-941F-4DA3-BA57-565D813569E1}.Release|x86.ActiveCfg = Release|Any CPU
		{E64D47D9-941F-4DA3-BA57-565D813569E1}.Release|x86.Build.0 = Release|Any CPU
		{74131212-47FA-4A6C-A607-CFE5305C6AD1}.Debug|Any CPU.ActiveCfg = Debug|Any CPU
		{74131212-47FA-4A6C-A607-CFE5305C6AD1}.Debug|Any CPU.Build.0 = Debug|Any CPU
		{74131212-47FA-4A6C-A607-CFE5305C6AD1}.Debug|arm64.ActiveCfg = Debug|Any CPU
		{74131212-47FA-4A6C-A607-CFE5305C6AD1}.Debug|arm64.Build.0 = Debug|Any CPU
		{74131212-47FA-4A6C-A607-CFE5305C6AD1}.Debug|x64.ActiveCfg = Debug|Any CPU
		{74131212-47FA-4A6C-A607-CFE5305C6AD1}.Debug|x64.Build.0 = Debug|Any CPU
		{74131212-47FA-4A6C-A607-CFE5305C6AD1}.Debug|x86.ActiveCfg = Debug|Any CPU
		{74131212-47FA-4A6C-A607-CFE5305C6AD1}.Debug|x86.Build.0 = Debug|Any CPU
		{74131212-47FA-4A6C-A607-CFE5305C6AD1}.Release|Any CPU.ActiveCfg = Release|Any CPU
		{74131212-47FA-4A6C-A607-CFE5305C6AD1}.Release|Any CPU.Build.0 = Release|Any CPU
		{74131212-47FA-4A6C-A607-CFE5305C6AD1}.Release|arm64.ActiveCfg = Release|Any CPU
		{74131212-47FA-4A6C-A607-CFE5305C6AD1}.Release|arm64.Build.0 = Release|Any CPU
		{74131212-47FA-4A6C-A607-CFE5305C6AD1}.Release|x64.ActiveCfg = Release|Any CPU
		{74131212-47FA-4A6C-A607-CFE5305C6AD1}.Release|x64.Build.0 = Release|Any CPU
		{74131212-47FA-4A6C-A607-CFE5305C6AD1}.Release|x86.ActiveCfg = Release|Any CPU
		{74131212-47FA-4A6C-A607-CFE5305C6AD1}.Release|x86.Build.0 = Release|Any CPU
		{AAB7B8F2-81EF-4AD2-B8E4-B5C14BC1B355}.Debug|Any CPU.ActiveCfg = Debug|Any CPU
		{AAB7B8F2-81EF-4AD2-B8E4-B5C14BC1B355}.Debug|Any CPU.Build.0 = Debug|Any CPU
		{AAB7B8F2-81EF-4AD2-B8E4-B5C14BC1B355}.Debug|arm64.ActiveCfg = Debug|Any CPU
		{AAB7B8F2-81EF-4AD2-B8E4-B5C14BC1B355}.Debug|arm64.Build.0 = Debug|Any CPU
		{AAB7B8F2-81EF-4AD2-B8E4-B5C14BC1B355}.Debug|x64.ActiveCfg = Debug|Any CPU
		{AAB7B8F2-81EF-4AD2-B8E4-B5C14BC1B355}.Debug|x64.Build.0 = Debug|Any CPU
		{AAB7B8F2-81EF-4AD2-B8E4-B5C14BC1B355}.Debug|x86.ActiveCfg = Debug|Any CPU
		{AAB7B8F2-81EF-4AD2-B8E4-B5C14BC1B355}.Debug|x86.Build.0 = Debug|Any CPU
		{AAB7B8F2-81EF-4AD2-B8E4-B5C14BC1B355}.Release|Any CPU.ActiveCfg = Release|Any CPU
		{AAB7B8F2-81EF-4AD2-B8E4-B5C14BC1B355}.Release|Any CPU.Build.0 = Release|Any CPU
		{AAB7B8F2-81EF-4AD2-B8E4-B5C14BC1B355}.Release|arm64.ActiveCfg = Release|Any CPU
		{AAB7B8F2-81EF-4AD2-B8E4-B5C14BC1B355}.Release|arm64.Build.0 = Release|Any CPU
		{AAB7B8F2-81EF-4AD2-B8E4-B5C14BC1B355}.Release|x64.ActiveCfg = Release|Any CPU
		{AAB7B8F2-81EF-4AD2-B8E4-B5C14BC1B355}.Release|x64.Build.0 = Release|Any CPU
		{AAB7B8F2-81EF-4AD2-B8E4-B5C14BC1B355}.Release|x86.ActiveCfg = Release|Any CPU
		{AAB7B8F2-81EF-4AD2-B8E4-B5C14BC1B355}.Release|x86.Build.0 = Release|Any CPU
	EndGlobalSection
	GlobalSection(SolutionProperties) = preSolution
		HideSolutionNode = FALSE
	EndGlobalSection
	GlobalSection(NestedProjects) = preSolution
		{A1256171-A7A0-4FF6-8EB1-2FB30F8FD2E6} = {84E0C3A6-D772-49B6-8274-60F67154C724}
		{950DC7F2-B8B2-43FF-B3A0-DB306BD03762} = {06A318D3-76DA-4B53-B2F5-6AB35914A41F}
		{F83F7613-257F-43F2-AA08-92709611418F} = {06A318D3-76DA-4B53-B2F5-6AB35914A41F}
		{1F598ECE-9A9B-4917-8EF8-98B3EE42A906} = {B367165D-FB26-47A5-915B-35D1AC69A5B9}
		{0C1852BF-D119-4BDD-AF69-F6E5C843677D} = {B367165D-FB26-47A5-915B-35D1AC69A5B9}
		{EFAD8991-9057-49EA-AA62-13BD35089BC6} = {1F598ECE-9A9B-4917-8EF8-98B3EE42A906}
		{BA6D56F5-AD88-4BA3-B402-677A698BF046} = {1F598ECE-9A9B-4917-8EF8-98B3EE42A906}
		{31B6DD84-E423-4226-A4B2-109B4AFF7873} = {1F598ECE-9A9B-4917-8EF8-98B3EE42A906}
		{07E90C3A-7976-4E71-9873-87C1512F750F} = {0C1852BF-D119-4BDD-AF69-F6E5C843677D}
		{E64D47D9-941F-4DA3-BA57-565D813569E1} = {0C1852BF-D119-4BDD-AF69-F6E5C843677D}
		{74131212-47FA-4A6C-A607-CFE5305C6AD1} = {0C1852BF-D119-4BDD-AF69-F6E5C843677D}
		{56F9C242-314D-48A6-9ECB-D2D4E04F3C89} = {06A318D3-76DA-4B53-B2F5-6AB35914A41F}
		{AAB7B8F2-81EF-4AD2-B8E4-B5C14BC1B355} = {06A318D3-76DA-4B53-B2F5-6AB35914A41F}
		{ADF166CF-7BE1-43EF-953D-B12D26A39DA9} = {F26D4565-4EA5-4483-AE8E-641BA604D262}
		{49FABAE4-D73C-4462-8D0B-7FCC142201F9} = {F26D4565-4EA5-4483-AE8E-641BA604D262}
		{0FAB6204-5C3E-49F3-8C6F-C4D0CDDE7FE6} = {F26D4565-4EA5-4483-AE8E-641BA604D262}
		{E5E39DF1-52E2-4108-8726-52A04BB0D852} = {F26D4565-4EA5-4483-AE8E-641BA604D262}
	EndGlobalSection
	GlobalSection(ExtensibilityGlobals) = postSolution
		SolutionGuid = {E88D22E3-F71A-4514-A666-011EE1B3AD94}
	EndGlobalSection
EndGlobal
